
Microsoft Visual Studio Solution File, Format Version 12.00
# Visual Studio Version 16
VisualStudioVersion = 16.0.29519.181
MinimumVisualStudioVersion = 10.0.40219.1
Project("{FAE04EC0-301F-11D3-BF4B-00C04F79EFBC}") = "CefSample", "CefSample.csproj", "{F32C52BD-0E85-4BAA-A62B-AB6405015822}"
EndProject
Project("{FAE04EC0-301F-11D3-BF4B-00C04F79EFBC}") = "CefBrowserWrapper", "..\CefBrowserWrapper\CefBrowserWrapper.csproj", "{18A2EB79-5281-4032-80C1-17B567B999A2}"
EndProject
Global
	GlobalSection(SolutionConfigurationPlatforms) = preSolution
		Debug|Any CPU = Debug|Any CPU
		Release|Any CPU = Release|Any CPU
	EndGlobalSection
	GlobalSection(ProjectConfigurationPlatforms) = postSolution
		{F32C52BD-0E85-4BAA-A62B-AB6405015822}.Debug|Any CPU.ActiveCfg = Debug|Any CPU
		{F32C52BD-0E85-4BAA-A62B-AB6405015822}.Debug|Any CPU.Build.0 = Debug|Any CPU
		{F32C52BD-0E85-4BAA-A62B-AB6405015822}.Release|Any CPU.ActiveCfg = Release|Any CPU
		{F32C52BD-0E85-4BAA-A62B-AB6405015822}.Release|Any CPU.Build.0 = Release|Any CPU
		{18A2EB79-5281-4032-80C1-17B567B999A2}.Debug|Any CPU.ActiveCfg = Debug|Any CPU
		{18A2EB79-5281-4032-80C1-17B567B999A2}.Debug|Any CPU.Build.0 = Debug|Any CPU
		{18A2EB79-5281-4032-80C1-17B567B999A2}.Release|Any CPU.ActiveCfg = Release|Any CPU
		{18A2EB79-5281-4032-80C1-17B567B999A2}.Release|Any CPU.Build.0 = Release|Any CPU
	EndGlobalSection
	GlobalSection(SolutionProperties) = preSolution
		HideSolutionNode = FALSE
	EndGlobalSection
	GlobalSection(ExtensibilityGlobals) = postSolution
		SolutionGuid = {94E1FB28-CCBC-4A38-95AE-9E25C4730BA0}
	EndGlobalSection
EndGlobal
